# THIS IS AN AUTOGENERATED FILE. DO NOT EDIT THIS FILE DIRECTLY.
# yarn lockfile v1


"@graphql-typed-document-node/core@^3.1.0":
  version "3.1.0"
  resolved "https://registry.yarnpkg.com/@graphql-typed-document-node/core/-/core-3.1.0.tgz#0eee6373e11418bfe0b5638f654df7a4ca6a3950"
  integrity sha512-wYn6r8zVZyQJ6rQaALBEln5B1pzxb9shV5Ef97kTvn6yVGrqyXVnDqnU24MXnFubR+rZjBY9NWuxX3FB2sTsjg==

"@urql/core@>=1.14.1", "@urql/core@>=1.16.0", "@urql/core@^1.16.0":
  version "1.16.0"
  resolved "https://registry.yarnpkg.com/@urql/core/-/core-1.16.0.tgz#e83a2c9f744ae7804f79a4077f77701cf68b80f4"
  integrity sha512-bGdxlVRm02q9jIj463jRNthM5haia1lccob1gXDUhpAWXJY58xYgnFPuv0pYf/MqsM67nizZRLhHgf84Knb9ZQ==
  dependencies:
    "@graphql-typed-document-node/core" "^3.1.0"
    wonka "^4.0.14"

"@urql/devtools@^2.0.2":
  version "2.0.2"
  resolved "https://registry.yarnpkg.com/@urql/devtools/-/devtools-2.0.2.tgz#0991bc3bb09444b162ef56518b76f64f286954fc"
  integrity sha512-f3gIx4NDOuWdXC54m4VQlLKNtYHl6PITSEqexH6xiktzvH7QcwS5hNPg0Fkki8cas/DZtkmDpwxNV1uRZ5xlvA==
  dependencies:
    wonka ">= 4.0.9"

"@urql/exchange-graphcache@^3.3.0":
  version "3.3.0"
  resolved "https://registry.yarnpkg.com/@urql/exchange-graphcache/-/exchange-graphcache-3.3.0.tgz#c8b5fd0c68c548003f92f41cbe354959da7d4659"
  integrity sha512-iLp5ZuLT3iQK5YLA1KEy6WbcEQhIO32WayqwJkQ3fNOFuo0ArKADvFqVEC632PWoGcobq4vLGkm4JKq7DW8t1g==
  dependencies:
    "@urql/core" ">=1.16.0"
    wonka "^4.0.14"

"@urql/exchange-persisted-fetch@^1.2.3":
  version "1.2.3"
  resolved "https://registry.yarnpkg.com/@urql/exchange-persisted-fetch/-/exchange-persisted-fetch-1.2.3.tgz#1ed46adfff6b71abeb323281c386efe91d19c7b3"
  integrity sha512-HTac+sUcFHSZXmWf7IJ9FCTN5S+JY4gy8pqo/RadZSrNsiI45t8YT0yN3DMi9fmJfcYc33EDOP0CvvFJ6Qr6ig==
  dependencies:
    "@urql/core" ">=1.14.1"
    wonka "^4.0.14"

"@urql/introspection@^0.1.1":
  version "0.1.1"
  resolved "https://registry.yarnpkg.com/@urql/introspection/-/introspection-0.1.1.tgz#a5f57d029952f262e151bc52de910cc281821a33"
  integrity sha512-FqHKhIVCp36Avz5KOli7Be8VJN4QtY8LppbhghPCHHxVDj60nhSdxHpbZl91zvgmQPn/Z+U37yiwsr33yq4bkw==

"@urql/preact@^1.4.3":
  version "1.4.3"
  resolved "https://registry.yarnpkg.com/@urql/preact/-/preact-1.4.3.tgz#1ba2a728590083207f2e57f2addb2437824f4892"
  integrity sha512-VLiEDeBIPFkSHyhNHWBmYCq1O9IaTHoZhutDCWdoPuAM5GOUxDGv72dODM9COk/5eNpJVWvYvT8ExOR3rxqayw==
  dependencies:
    "@urql/core" "^1.16.0"
    wonka "^4.0.14"

async-limiter@~1.0.0:
  version "1.0.1"
  resolved "https://registry.yarnpkg.com/async-limiter/-/async-limiter-1.0.1.tgz#dd379e94f0db8310b08291f9d64c3209766617fd"
  integrity sha512-csOlWGAcRFJaI6m+F2WKdnMKr4HhdhFVBk0H/QbJFMCr+uO2kwohwXQPxw/9OCxp05r5ghVBFSyioixx3gfkNQ==

backo2@^1.0.2:
  version "1.0.2"
  resolved "https://registry.yarnpkg.com/backo2/-/backo2-1.0.2.tgz#31ab1ac8b129363463e35b3ebb69f4dfcfba7947"
  integrity sha1-MasayLEpNjRj41s+u2n038+6eUc=

eventemitter3@^3.1.0:
  version "3.1.2"
  resolved "https://registry.yarnpkg.com/eventemitter3/-/eventemitter3-3.1.2.tgz#2d3d48f9c346698fce83a85d7d664e98535df6e7"
  integrity sha512-tvtQIeLVHjDkJYnzf2dgVMxfuSGJeM/7UCG17TT4EumTfNtF+0nebF/4zWOIkCreAbtNqhGEboB6BWrwqNaw4Q==

goober-autoprefixer@^1.2.1:
  version "1.2.1"
  resolved "https://registry.yarnpkg.com/goober-autoprefixer/-/goober-autoprefixer-1.2.1.tgz#6cc4184ae3cd8bee8de0f52817ef41742e2169f8"
  integrity sha512-KmDblp2q2AkrT1o1p1tQOGqMEMJPZDX6O/ECj+IrsVaAKyGmxMttWp82ila+EuLMGPk8AuMBjt51GXp4zSwNrg==
  dependencies:
    tiny-css-prefixer "^1.1.4"

goober@^2.0.15:
  version "2.0.15"
  resolved "https://registry.yarnpkg.com/goober/-/goober-2.0.15.tgz#da0429f6a3b90420d705c0311650d27d636ea595"
  integrity sha512-mdEMp8LcMvVt1tn3ZW+Rhk8DlmQlRfvU3SmY7KymcCE906qec8IKB31UpptO7emg/fRxYYgamx44a5ILzSNIpQ==

graphql@^15.4.0:
  version "15.4.0"
  resolved "https://registry.yarnpkg.com/graphql/-/graphql-15.4.0.tgz#e459dea1150da5a106486ba7276518b5295a4347"
  integrity sha512-EB3zgGchcabbsU9cFe1j+yxdzKQKAbGUWRb13DsrsMN1yyfmmIq+2+L5MqVWcDCE4V89R5AyUOi7sMOGxdsYtA==

iterall@^1.2.1:
  version "1.3.0"
  resolved "https://registry.yarnpkg.com/iterall/-/iterall-1.3.0.tgz#afcb08492e2915cbd8a0884eb93a8c94d0d72fea"
  integrity sha512-QZ9qOMdF+QLHxy1QIpUHUU1D5pS2CG2P69LF6L6CPjPYA/XMOmKV3PZpawHoAjHNyB0swdVTRxdYT4tbBbxqwg==

preact-router@^3.2.1:
  version "3.2.1"
  resolved "https://registry.yarnpkg.com/preact-router/-/preact-router-3.2.1.tgz#c7d12d8fc7a60bfbe5cadf23a234551bec783468"
  integrity sha512-KEN2VN1DxUlTwzW5IFkF13YIA2OdQ2OvgJTkQREF+AA2NrHRLaGbB68EjS4IeZOa1shvQ1FvEm3bSLta4sXBhg==

preact@^10.5.7:
  version "10.5.7"
  resolved "https://registry.yarnpkg.com/preact/-/preact-10.5.7.tgz#f1d84725539e18f7ccbea937cf3db5895661dbd3"
  integrity sha512-4oEpz75t/0UNcwmcsjk+BIcDdk68oao+7kxcpc1hQPNs2Oo3ZL9xFz8UBf350mxk/VEdD41L5b4l2dE3Ug3RYg==

subscriptions-transport-ws@^0.9.18:
  version "0.9.18"
  resolved "https://registry.yarnpkg.com/subscriptions-transport-ws/-/subscriptions-transport-ws-0.9.18.tgz#bcf02320c911fbadb054f7f928e51c6041a37b97"
  integrity sha512-tztzcBTNoEbuErsVQpTN2xUNN/efAZXyCyL5m3x4t6SKrEiTL2N8SaKWBFWM4u56pL79ULif3zjyeq+oV+nOaA==
  dependencies:
    backo2 "^1.0.2"
    eventemitter3 "^3.1.0"
    iterall "^1.2.1"
    symbol-observable "^1.0.4"
    ws "^5.2.0"

symbol-observable@^1.0.4:
  version "1.2.0"
  resolved "https://registry.yarnpkg.com/symbol-observable/-/symbol-observable-1.2.0.tgz#c22688aed4eab3cdc2dfeacbb561660560a00804"
  integrity sha512-e900nM8RRtGhlV36KGEU9k65K3mPb1WV70OdjfxlG2EAuM1noi/E/BaW/uMhL7bPEssK8QV57vN3esixjUvcXQ==

tiny-css-prefixer@^1.1.4:
  version "1.1.4"
  resolved "https://registry.yarnpkg.com/tiny-css-prefixer/-/tiny-css-prefixer-1.1.4.tgz#b96a0aa6b312227d996e9c303645e3ae2f194086"
  integrity sha512-QLnDGLUmMkNlSuWogBaSu92uQnvWhcQwUc+MG8L4YgBkjSmBkAz29pTq+8Rh3YWR1TwPrjuZDKWzO7v4PXkipQ==

wmr@^1.0.0:
  version "1.0.0"
  resolved "https://registry.yarnpkg.com/wmr/-/wmr-1.0.0.tgz#3e058597716228a13a570aa7e7aacc2a2b479e15"
  integrity sha512-e4skIObjY4V7tERFSTemBw2RXuj0eDpJEVqPggMtwFlDqeCGD1g7aS32ElEf+AfreF2hSAN/F1lB7j1PHUlBdw==

"wonka@>= 4.0.9", wonka@^4.0.14:
  version "4.0.15"
  resolved "https://registry.yarnpkg.com/wonka/-/wonka-4.0.15.tgz#9aa42046efa424565ab8f8f451fcca955bf80b89"
  integrity sha512-U0IUQHKXXn6PFo9nqsHphVCE5m3IntqZNB9Jjn7EB1lrR7YTDY3YWgFvEvwniTzXSvOH/XMzAZaIfJF/LvHYXg==

ws@^5.2.0:
  version "5.2.2"
  resolved "https://registry.yarnpkg.com/ws/-/ws-5.2.2.tgz#dffef14866b8e8dc9133582514d1befaf96e980f"
  integrity sha512-jaHFD6PFv6UgoIVda6qZllptQsMlDEJkTQcybzzXDYM1XO9Y8em691FGMPmM46WGyLU4z9KMgQN+qrux/nhlHA==
  dependencies:
    async-limiter "~1.0.0"
