# THIS IS AN AUTOGENERATED FILE. DO NOT EDIT THIS FILE DIRECTLY.
# yarn lockfile v1


"@graphql-typed-document-node/core@^3.1.0":
  version "3.1.0"
  resolved "https://registry.yarnpkg.com/@graphql-typed-document-node/core/-/core-3.1.0.tgz#0eee6373e11418bfe0b5638f654df7a4ca6a3950"
  integrity sha512-wYn6r8zVZyQJ6rQaALBEln5B1pzxb9shV5Ef97kTvn6yVGrqyXVnDqnU24MXnFubR+rZjBY9NWuxX3FB2sTsjg==

"@reach/router@^1.3.4":
  version "1.3.4"
  resolved "https://registry.yarnpkg.com/@reach/router/-/router-1.3.4.tgz#d2574b19370a70c80480ed91f3da840136d10f8c"
  integrity sha512-+mtn9wjlB9NN2CNnnC/BRYtwdKBfSyyasPYraNAyvaV1occr/5NnB4CVzjEZipNHwYebQwcndGUmpFzxAUoqSA==
  dependencies:
    create-react-context "0.3.0"
    invariant "^2.2.3"
    prop-types "^15.6.1"
    react-lifecycles-compat "^3.0.4"

"@urql/core@>=1.14.1", "@urql/core@>=1.16.0", "@urql/core@^1.16.0":
  version "1.16.0"
  resolved "https://registry.yarnpkg.com/@urql/core/-/core-1.16.0.tgz#e83a2c9f744ae7804f79a4077f77701cf68b80f4"
  integrity sha512-bGdxlVRm02q9jIj463jRNthM5haia1lccob1gXDUhpAWXJY58xYgnFPuv0pYf/MqsM67nizZRLhHgf84Knb9ZQ==
  dependencies:
    "@graphql-typed-document-node/core" "^3.1.0"
    wonka "^4.0.14"

"@urql/devtools@^2.0.2":
  version "2.0.2"
  resolved "https://registry.yarnpkg.com/@urql/devtools/-/devtools-2.0.2.tgz#0991bc3bb09444b162ef56518b76f64f286954fc"
  integrity sha512-f3gIx4NDOuWdXC54m4VQlLKNtYHl6PITSEqexH6xiktzvH7QcwS5hNPg0Fkki8cas/DZtkmDpwxNV1uRZ5xlvA==
  dependencies:
    wonka ">= 4.0.9"

"@urql/exchange-graphcache@^3.3.0":
  version "3.3.0"
  resolved "https://registry.yarnpkg.com/@urql/exchange-graphcache/-/exchange-graphcache-3.3.0.tgz#c8b5fd0c68c548003f92f41cbe354959da7d4659"
  integrity sha512-iLp5ZuLT3iQK5YLA1KEy6WbcEQhIO32WayqwJkQ3fNOFuo0ArKADvFqVEC632PWoGcobq4vLGkm4JKq7DW8t1g==
  dependencies:
    "@urql/core" ">=1.16.0"
    wonka "^4.0.14"

"@urql/exchange-persisted-fetch@^1.2.3":
  version "1.2.3"
  resolved "https://registry.yarnpkg.com/@urql/exchange-persisted-fetch/-/exchange-persisted-fetch-1.2.3.tgz#1ed46adfff6b71abeb323281c386efe91d19c7b3"
  integrity sha512-HTac+sUcFHSZXmWf7IJ9FCTN5S+JY4gy8pqo/RadZSrNsiI45t8YT0yN3DMi9fmJfcYc33EDOP0CvvFJ6Qr6ig==
  dependencies:
    "@urql/core" ">=1.14.1"
    wonka "^4.0.14"

"@urql/introspection@^0.1.1":
  version "0.1.1"
  resolved "https://registry.yarnpkg.com/@urql/introspection/-/introspection-0.1.1.tgz#a5f57d029952f262e151bc52de910cc281821a33"
  integrity sha512-FqHKhIVCp36Avz5KOli7Be8VJN4QtY8LppbhghPCHHxVDj60nhSdxHpbZl91zvgmQPn/Z+U37yiwsr33yq4bkw==

async-limiter@~1.0.0:
  version "1.0.1"
  resolved "https://registry.yarnpkg.com/async-limiter/-/async-limiter-1.0.1.tgz#dd379e94f0db8310b08291f9d64c3209766617fd"
  integrity sha512-csOlWGAcRFJaI6m+F2WKdnMKr4HhdhFVBk0H/QbJFMCr+uO2kwohwXQPxw/9OCxp05r5ghVBFSyioixx3gfkNQ==

backo2@^1.0.2:
  version "1.0.2"
  resolved "https://registry.yarnpkg.com/backo2/-/backo2-1.0.2.tgz#31ab1ac8b129363463e35b3ebb69f4dfcfba7947"
  integrity sha1-MasayLEpNjRj41s+u2n038+6eUc=

create-react-context@0.3.0:
  version "0.3.0"
  resolved "https://registry.yarnpkg.com/create-react-context/-/create-react-context-0.3.0.tgz#546dede9dc422def0d3fc2fe03afe0bc0f4f7d8c"
  integrity sha512-dNldIoSuNSvlTJ7slIKC/ZFGKexBMBrrcc+TTe1NdmROnaASuLPvqpwj9v4XS4uXZ8+YPu0sNmShX2rXI5LNsw==
  dependencies:
    gud "^1.0.0"
    warning "^4.0.3"

eventemitter3@^3.1.0:
  version "3.1.2"
  resolved "https://registry.yarnpkg.com/eventemitter3/-/eventemitter3-3.1.2.tgz#2d3d48f9c346698fce83a85d7d664e98535df6e7"
  integrity sha512-tvtQIeLVHjDkJYnzf2dgVMxfuSGJeM/7UCG17TT4EumTfNtF+0nebF/4zWOIkCreAbtNqhGEboB6BWrwqNaw4Q==

goober-autoprefixer@^1.2.1:
  version "1.2.1"
  resolved "https://registry.yarnpkg.com/goober-autoprefixer/-/goober-autoprefixer-1.2.1.tgz#6cc4184ae3cd8bee8de0f52817ef41742e2169f8"
  integrity sha512-KmDblp2q2AkrT1o1p1tQOGqMEMJPZDX6O/ECj+IrsVaAKyGmxMttWp82ila+EuLMGPk8AuMBjt51GXp4zSwNrg==
  dependencies:
    tiny-css-prefixer "^1.1.4"

goober@^2.0.15:
  version "2.0.15"
  resolved "https://registry.yarnpkg.com/goober/-/goober-2.0.15.tgz#da0429f6a3b90420d705c0311650d27d636ea595"
  integrity sha512-mdEMp8LcMvVt1tn3ZW+Rhk8DlmQlRfvU3SmY7KymcCE906qec8IKB31UpptO7emg/fRxYYgamx44a5ILzSNIpQ==

graphql@^15.4.0:
  version "15.4.0"
  resolved "https://registry.yarnpkg.com/graphql/-/graphql-15.4.0.tgz#e459dea1150da5a106486ba7276518b5295a4347"
  integrity sha512-EB3zgGchcabbsU9cFe1j+yxdzKQKAbGUWRb13DsrsMN1yyfmmIq+2+L5MqVWcDCE4V89R5AyUOi7sMOGxdsYtA==

gud@^1.0.0:
  version "1.0.0"
  resolved "https://registry.yarnpkg.com/gud/-/gud-1.0.0.tgz#a489581b17e6a70beca9abe3ae57de7a499852c0"
  integrity sha512-zGEOVKFM5sVPPrYs7J5/hYEw2Pof8KCyOwyhG8sAF26mCAeUFAcYPu1mwB7hhpIP29zOIBaDqwuHdLp0jvZXjw==

invariant@^2.2.3:
  version "2.2.4"
  resolved "https://registry.yarnpkg.com/invariant/-/invariant-2.2.4.tgz#610f3c92c9359ce1db616e538008d23ff35158e6"
  integrity sha512-phJfQVBuaJM5raOpJjSfkiD6BpbCE4Ns//LaXl6wGYtUBY83nWS6Rf9tXm2e8VaK60JEjYldbPif/A2B1C2gNA==
  dependencies:
    loose-envify "^1.0.0"

iterall@^1.2.1:
  version "1.3.0"
  resolved "https://registry.yarnpkg.com/iterall/-/iterall-1.3.0.tgz#afcb08492e2915cbd8a0884eb93a8c94d0d72fea"
  integrity sha512-QZ9qOMdF+QLHxy1QIpUHUU1D5pS2CG2P69LF6L6CPjPYA/XMOmKV3PZpawHoAjHNyB0swdVTRxdYT4tbBbxqwg==

"js-tokens@^3.0.0 || ^4.0.0":
  version "4.0.0"
  resolved "https://registry.yarnpkg.com/js-tokens/-/js-tokens-4.0.0.tgz#19203fb59991df98e3a287050d4647cdeaf32499"
  integrity sha512-RdJUflcE3cUzKiMqQgsCu06FPu9UdIJO0beYbPhHN4k6apgJtifcoCtT9bcxOpYBtpD2kCM6Sbzg4CausW/PKQ==

loose-envify@^1.0.0, loose-envify@^1.4.0:
  version "1.4.0"
  resolved "https://registry.yarnpkg.com/loose-envify/-/loose-envify-1.4.0.tgz#71ee51fa7be4caec1a63839f7e682d8132d30caf"
  integrity sha512-lyuxPGr/Wfhrlem2CL/UcnUc1zcqKAImBDzukY7Y5F/yQiNdko6+fRLevlw1HgMySw7f611UIY408EtxRSoK3Q==
  dependencies:
    js-tokens "^3.0.0 || ^4.0.0"

object-assign@^4.1.1:
  version "4.1.1"
  resolved "https://registry.yarnpkg.com/object-assign/-/object-assign-4.1.1.tgz#2109adc7965887cfc05cbbd442cac8bfbb360863"
  integrity sha1-IQmtx5ZYh8/AXLvUQsrIv7s2CGM=

preact@^10.5.7:
  version "10.5.7"
  resolved "https://registry.yarnpkg.com/preact/-/preact-10.5.7.tgz#f1d84725539e18f7ccbea937cf3db5895661dbd3"
  integrity sha512-4oEpz75t/0UNcwmcsjk+BIcDdk68oao+7kxcpc1hQPNs2Oo3ZL9xFz8UBf350mxk/VEdD41L5b4l2dE3Ug3RYg==

prop-types@^15.6.1:
  version "15.7.2"
  resolved "https://registry.yarnpkg.com/prop-types/-/prop-types-15.7.2.tgz#52c41e75b8c87e72b9d9360e0206b99dcbffa6c5"
  integrity sha512-8QQikdH7//R2vurIJSutZ1smHYTcLpRWEOlHnzcWHmBYrOGUysKwSsrC89BCiFj3CbrfJ/nXFdJepOVrY1GCHQ==
  dependencies:
    loose-envify "^1.4.0"
    object-assign "^4.1.1"
    react-is "^16.8.1"

react-is@^16.8.1:
  version "16.13.1"
  resolved "https://registry.yarnpkg.com/react-is/-/react-is-16.13.1.tgz#789729a4dc36de2999dc156dd6c1d9c18cea56a4"
  integrity sha512-24e6ynE2H+OKt4kqsOvNd8kBpV65zoxbA4BVsEOB3ARVWQki/DHzaUoC5KuON/BiccDaCCTZBuOcfZs70kR8bQ==

react-lifecycles-compat@^3.0.4:
  version "3.0.4"
  resolved "https://registry.yarnpkg.com/react-lifecycles-compat/-/react-lifecycles-compat-3.0.4.tgz#4f1a273afdfc8f3488a8c516bfda78f872352362"
  integrity sha512-fBASbA6LnOU9dOU2eW7aQ8xmYBSXUIWr+UmF9b1efZBazGNO+rcXT/icdKnYm2pTwcRylVUYwW7H1PHfLekVzA==

subscriptions-transport-ws@^0.9.18:
  version "0.9.18"
  resolved "https://registry.yarnpkg.com/subscriptions-transport-ws/-/subscriptions-transport-ws-0.9.18.tgz#bcf02320c911fbadb054f7f928e51c6041a37b97"
  integrity sha512-tztzcBTNoEbuErsVQpTN2xUNN/efAZXyCyL5m3x4t6SKrEiTL2N8SaKWBFWM4u56pL79ULif3zjyeq+oV+nOaA==
  dependencies:
    backo2 "^1.0.2"
    eventemitter3 "^3.1.0"
    iterall "^1.2.1"
    symbol-observable "^1.0.4"
    ws "^5.2.0"

symbol-observable@^1.0.4:
  version "1.2.0"
  resolved "https://registry.yarnpkg.com/symbol-observable/-/symbol-observable-1.2.0.tgz#c22688aed4eab3cdc2dfeacbb561660560a00804"
  integrity sha512-e900nM8RRtGhlV36KGEU9k65K3mPb1WV70OdjfxlG2EAuM1noi/E/BaW/uMhL7bPEssK8QV57vN3esixjUvcXQ==

tiny-css-prefixer@^1.1.4:
  version "1.1.4"
  resolved "https://registry.yarnpkg.com/tiny-css-prefixer/-/tiny-css-prefixer-1.1.4.tgz#b96a0aa6b312227d996e9c303645e3ae2f194086"
  integrity sha512-QLnDGLUmMkNlSuWogBaSu92uQnvWhcQwUc+MG8L4YgBkjSmBkAz29pTq+8Rh3YWR1TwPrjuZDKWzO7v4PXkipQ==

urql@^1.11.4:
  version "1.11.4"
  resolved "https://registry.yarnpkg.com/urql/-/urql-1.11.4.tgz#f4eb430d7756baf61f2906779d5a1914e9eeef0d"
  integrity sha512-VtX8xuzwxDtVXRCf/uvy1LcAnBIfiDrKlkblq6ENVJtI3eNsq7mTTxk3F1kZCxE29GWBayQpO4kcLzhEE0OojQ==
  dependencies:
    "@urql/core" "^1.16.0"
    wonka "^4.0.14"

warning@^4.0.3:
  version "4.0.3"
  resolved "https://registry.yarnpkg.com/warning/-/warning-4.0.3.tgz#16e9e077eb8a86d6af7d64aa1e05fd85b4678ca3"
  integrity sha512-rpJyN222KWIvHJ/F53XSZv0Zl/accqHR8et1kpaMTD/fLCRxtV8iX8czMzY7sVZupTI3zcUTg8eycS2kNF9l6w==
  dependencies:
    loose-envify "^1.0.0"

wmr@^1.0.0:
  version "1.0.0"
  resolved "https://registry.yarnpkg.com/wmr/-/wmr-1.0.0.tgz#3e058597716228a13a570aa7e7aacc2a2b479e15"
  integrity sha512-e4skIObjY4V7tERFSTemBw2RXuj0eDpJEVqPggMtwFlDqeCGD1g7aS32ElEf+AfreF2hSAN/F1lB7j1PHUlBdw==

"wonka@>= 4.0.9", wonka@^4.0.14:
  version "4.0.15"
  resolved "https://registry.yarnpkg.com/wonka/-/wonka-4.0.15.tgz#9aa42046efa424565ab8f8f451fcca955bf80b89"
  integrity sha512-U0IUQHKXXn6PFo9nqsHphVCE5m3IntqZNB9Jjn7EB1lrR7YTDY3YWgFvEvwniTzXSvOH/XMzAZaIfJF/LvHYXg==

ws@^5.2.0:
  version "5.2.2"
  resolved "https://registry.yarnpkg.com/ws/-/ws-5.2.2.tgz#dffef14866b8e8dc9133582514d1befaf96e980f"
  integrity sha512-jaHFD6PFv6UgoIVda6qZllptQsMlDEJkTQcybzzXDYM1XO9Y8em691FGMPmM46WGyLU4z9KMgQN+qrux/nhlHA==
  dependencies:
    async-limiter "~1.0.0"
